// !$*UTF8*$!
{
	archiveVersion = 1;
	classes = {
	};
	objectVersion = 55;
	objects = {

/* Begin PBXBuildFile section */
		CB92831A28ACC1A00048439A /* AppDelegate.swift in Sources */ = {isa = PBXBuildFile; fileRef = CB92831928ACC1A00048439A /* AppDelegate.swift */; };
		CB92831C28ACC1A00048439A /* SceneDelegate.swift in Sources */ = {isa = PBXBuildFile; fileRef = CB92831B28ACC1A00048439A /* SceneDelegate.swift */; };
		CB92832328ACC1A30048439A /* Assets.xcassets in Resources */ = {isa = PBXBuildFile; fileRef = CB92832228ACC1A30048439A /* Assets.xcassets */; };
		CB92832628ACC1A30048439A /* LaunchScreen.storyboard in Resources */ = {isa = PBXBuildFile; fileRef = CB92832428ACC1A30048439A /* LaunchScreen.storyboard */; };
		CB92833228ACC2A50048439A /* UIColor+Extensions.swift in Sources */ = {isa = PBXBuildFile; fileRef = CB92833128ACC2A50048439A /* UIColor+Extensions.swift */; };
		CB92833628ACC3060048439A /* StationsController.swift in Sources */ = {isa = PBXBuildFile; fileRef = CB92833528ACC3060048439A /* StationsController.swift */; };
		CB92833C28ACC49D0048439A /* Alamofire in Frameworks */ = {isa = PBXBuildFile; productRef = CB92833B28ACC49D0048439A /* Alamofire */; };
		CB92833E28ACC7600048439A /* NetworkError.swift in Sources */ = {isa = PBXBuildFile; fileRef = CB92833D28ACC7600048439A /* NetworkError.swift */; };
		CB92834028ACC7940048439A /* Service.swift in Sources */ = {isa = PBXBuildFile; fileRef = CB92833F28ACC7940048439A /* Service.swift */; };
		CB92834228ACC8340048439A /* Stations.swift in Sources */ = {isa = PBXBuildFile; fileRef = CB92834128ACC8340048439A /* Stations.swift */; };
		CB92834428ACC9100048439A /* ServiceProtocol.swift in Sources */ = {isa = PBXBuildFile; fileRef = CB92834328ACC9100048439A /* ServiceProtocol.swift */; };
		CB92834628ACC99E0048439A /* StationsViewModel.swift in Sources */ = {isa = PBXBuildFile; fileRef = CB92834528ACC99E0048439A /* StationsViewModel.swift */; };
		CB92834928ACCF080048439A /* DependencyProvider.swift in Sources */ = {isa = PBXBuildFile; fileRef = CB92834828ACCF080048439A /* DependencyProvider.swift */; };
		CB92834C28ACD74E0048439A /* StationsCollectionFlowLayout.swift in Sources */ = {isa = PBXBuildFile; fileRef = CB92834B28ACD74E0048439A /* StationsCollectionFlowLayout.swift */; };
		CB92834E28ACD7980048439A /* StationsCollectionCell.swift in Sources */ = {isa = PBXBuildFile; fileRef = CB92834D28ACD7980048439A /* StationsCollectionCell.swift */; };
		CB92835028ACD98C0048439A /* StationsController+Extensions.swift in Sources */ = {isa = PBXBuildFile; fileRef = CB92834F28ACD98C0048439A /* StationsController+Extensions.swift */; };
		CBA20DCA28ACE30800374116 /* UIImageView+Extension.swift in Sources */ = {isa = PBXBuildFile; fileRef = CBA20DC928ACE30800374116 /* UIImageView+Extension.swift */; };
		CBA20DCD28ACE60F00374116 /* Kingfisher in Frameworks */ = {isa = PBXBuildFile; productRef = CBA20DCC28ACE60F00374116 /* Kingfisher */; };
		CBA6FA6C28AD3A3E00032AE7 /* FindFlightsController.swift in Sources */ = {isa = PBXBuildFile; fileRef = CBA6FA6B28AD3A3E00032AE7 /* FindFlightsController.swift */; };
/* End PBXBuildFile section */

/* Begin PBXFileReference section */
		CB92831628ACC1A00048439A /* Flight.app */ = {isa = PBXFileReference; explicitFileType = wrapper.application; includeInIndex = 0; path = Flight.app; sourceTree = BUILT_PRODUCTS_DIR; };
		CB92831928ACC1A00048439A /* AppDelegate.swift */ = {isa = PBXFileReference; lastKnownFileType = sourcecode.swift; path = AppDelegate.swift; sourceTree = "<group>"; };
		CB92831B28ACC1A00048439A /* SceneDelegate.swift */ = {isa = PBXFileReference; lastKnownFileType = sourcecode.swift; path = SceneDelegate.swift; sourceTree = "<group>"; };
		CB92832228ACC1A30048439A /* Assets.xcassets */ = {isa = PBXFileReference; lastKnownFileType = folder.assetcatalog; path = Assets.xcassets; sourceTree = "<group>"; };
		CB92832528ACC1A30048439A /* Base */ = {isa = PBXFileReference; lastKnownFileType = file.storyboard; name = Base; path = Base.lproj/LaunchScreen.storyboard; sourceTree = "<group>"; };
		CB92832728ACC1A30048439A /* Info.plist */ = {isa = PBXFileReference; lastKnownFileType = text.plist.xml; path = Info.plist; sourceTree = "<group>"; };
		CB92833128ACC2A50048439A /* UIColor+Extensions.swift */ = {isa = PBXFileReference; lastKnownFileType = sourcecode.swift; path = "UIColor+Extensions.swift"; sourceTree = "<group>"; };
		CB92833528ACC3060048439A /* StationsController.swift */ = {isa = PBXFileReference; lastKnownFileType = sourcecode.swift; path = StationsController.swift; sourceTree = "<group>"; };
		CB92833D28ACC7600048439A /* NetworkError.swift */ = {isa = PBXFileReference; lastKnownFileType = sourcecode.swift; path = NetworkError.swift; sourceTree = "<group>"; };
		CB92833F28ACC7940048439A /* Service.swift */ = {isa = PBXFileReference; lastKnownFileType = sourcecode.swift; path = Service.swift; sourceTree = "<group>"; };
		CB92834128ACC8340048439A /* Stations.swift */ = {isa = PBXFileReference; lastKnownFileType = sourcecode.swift; path = Stations.swift; sourceTree = "<group>"; };
		CB92834328ACC9100048439A /* ServiceProtocol.swift */ = {isa = PBXFileReference; lastKnownFileType = sourcecode.swift; path = ServiceProtocol.swift; sourceTree = "<group>"; };
		CB92834528ACC99E0048439A /* StationsViewModel.swift */ = {isa = PBXFileReference; lastKnownFileType = sourcecode.swift; path = StationsViewModel.swift; sourceTree = "<group>"; };
		CB92834828ACCF080048439A /* DependencyProvider.swift */ = {isa = PBXFileReference; lastKnownFileType = sourcecode.swift; path = DependencyProvider.swift; sourceTree = "<group>"; };
		CB92834B28ACD74E0048439A /* StationsCollectionFlowLayout.swift */ = {isa = PBXFileReference; lastKnownFileType = sourcecode.swift; path = StationsCollectionFlowLayout.swift; sourceTree = "<group>"; };
		CB92834D28ACD7980048439A /* StationsCollectionCell.swift */ = {isa = PBXFileReference; lastKnownFileType = sourcecode.swift; path = StationsCollectionCell.swift; sourceTree = "<group>"; };
		CB92834F28ACD98C0048439A /* StationsController+Extensions.swift */ = {isa = PBXFileReference; lastKnownFileType = sourcecode.swift; path = "StationsController+Extensions.swift"; sourceTree = "<group>"; };
		CBA20DC928ACE30800374116 /* UIImageView+Extension.swift */ = {isa = PBXFileReference; lastKnownFileType = sourcecode.swift; path = "UIImageView+Extension.swift"; sourceTree = "<group>"; };
		CBA6FA6B28AD3A3E00032AE7 /* FindFlightsController.swift */ = {isa = PBXFileReference; lastKnownFileType = sourcecode.swift; path = FindFlightsController.swift; sourceTree = "<group>"; };
/* End PBXFileReference section */

/* Begin PBXFrameworksBuildPhase section */
		CB92831328ACC1A00048439A /* Frameworks */ = {
			isa = PBXFrameworksBuildPhase;
			buildActionMask = 2147483647;
			files = (
				CBA20DCD28ACE60F00374116 /* Kingfisher in Frameworks */,
				CB92833C28ACC49D0048439A /* Alamofire in Frameworks */,
			);
			runOnlyForDeploymentPostprocessing = 0;
		};
/* End PBXFrameworksBuildPhase section */

/* Begin PBXGroup section */
		CB92830D28ACC1A00048439A = {
			isa = PBXGroup;
			children = (
				CB92831828ACC1A00048439A /* Flight */,
				CB92831728ACC1A00048439A /* Products */,
			);
			sourceTree = "<group>";
		};
		CB92831728ACC1A00048439A /* Products */ = {
			isa = PBXGroup;
			children = (
				CB92831628ACC1A00048439A /* Flight.app */,
			);
			name = Products;
			sourceTree = "<group>";
		};
		CB92831828ACC1A00048439A /* Flight */ = {
			isa = PBXGroup;
			children = (
				CB92834A28ACD72E0048439A /* Views */,
				CB92833928ACC3670048439A /* Networks */,
				CB92833828ACC35D0048439A /* ViewModels */,
				CB92833728ACC3560048439A /* Models */,
				CB92833028ACC2790048439A /* Utils+Extensions */,
				CB92832F28ACC26B0048439A /* Controllers */,
				CB92834728ACCDA70048439A /* Providers */,
				CB92832E28ACC21D0048439A /* Assets */,
				CB92832D28ACC1D30048439A /* App */,
				CB92832728ACC1A30048439A /* Info.plist */,
			);
			path = Flight;
			sourceTree = "<group>";
		};
		CB92832D28ACC1D30048439A /* App */ = {
			isa = PBXGroup;
			children = (
				CB92831928ACC1A00048439A /* AppDelegate.swift */,
				CB92831B28ACC1A00048439A /* SceneDelegate.swift */,
			);
			path = App;
			sourceTree = "<group>";
		};
		CB92832E28ACC21D0048439A /* Assets */ = {
			isa = PBXGroup;
			children = (
				CB92832228ACC1A30048439A /* Assets.xcassets */,
				CB92832428ACC1A30048439A /* LaunchScreen.storyboard */,
			);
			path = Assets;
			sourceTree = "<group>";
		};
		CB92832F28ACC26B0048439A /* Controllers */ = {
			isa = PBXGroup;
			children = (
				CB92833528ACC3060048439A /* StationsController.swift */,
				CBA6FA6B28AD3A3E00032AE7 /* FindFlightsController.swift */,
			);
			path = Controllers;
			sourceTree = "<group>";
		};
		CB92833028ACC2790048439A /* Utils+Extensions */ = {
			isa = PBXGroup;
			children = (
				CB92833128ACC2A50048439A /* UIColor+Extensions.swift */,
				CB92834F28ACD98C0048439A /* StationsController+Extensions.swift */,
			);
			path = "Utils+Extensions";
			sourceTree = "<group>";
		};
		CB92833728ACC3560048439A /* Models */ = {
			isa = PBXGroup;
			children = (
				CB92834128ACC8340048439A /* Stations.swift */,
			);
			path = Models;
			sourceTree = "<group>";
		};
		CB92833828ACC35D0048439A /* ViewModels */ = {
			isa = PBXGroup;
			children = (
				CB92834528ACC99E0048439A /* StationsViewModel.swift */,
			);
			path = ViewModels;
			sourceTree = "<group>";
		};
		CB92833928ACC3670048439A /* Networks */ = {
			isa = PBXGroup;
			children = (
				CB92833D28ACC7600048439A /* NetworkError.swift */,
				CB92833F28ACC7940048439A /* Service.swift */,
				CB92834328ACC9100048439A /* ServiceProtocol.swift */,
			);
			path = Networks;
			sourceTree = "<group>";
		};
		CB92834728ACCDA70048439A /* Providers */ = {
			isa = PBXGroup;
			children = (
				CB92834828ACCF080048439A /* DependencyProvider.swift */,
			);
			path = Providers;
			sourceTree = "<group>";
		};
		CB92834A28ACD72E0048439A /* Views */ = {
			isa = PBXGroup;
			children = (
				CB92834B28ACD74E0048439A /* StationsCollectionFlowLayout.swift */,
				CB92834D28ACD7980048439A /* StationsCollectionCell.swift */,
				CBA20DC928ACE30800374116 /* UIImageView+Extension.swift */,
			);
			path = Views;
			sourceTree = "<group>";
		};
/* End PBXGroup section */

/* Begin PBXNativeTarget section */
		CB92831528ACC1A00048439A /* Flight */ = {
			isa = PBXNativeTarget;
			buildConfigurationList = CB92832A28ACC1A30048439A /* Build configuration list for PBXNativeTarget "Flight" */;
			buildPhases = (
				CB92831228ACC1A00048439A /* Sources */,
				CB92831328ACC1A00048439A /* Frameworks */,
				CB92831428ACC1A00048439A /* Resources */,
			);
			buildRules = (
			);
			dependencies = (
			);
			name = Flight;
			packageProductDependencies = (
				CB92833B28ACC49D0048439A /* Alamofire */,
				CBA20DCC28ACE60F00374116 /* Kingfisher */,
			);
			productName = Flight;
			productReference = CB92831628ACC1A00048439A /* Flight.app */;
			productType = "com.apple.product-type.application";
		};
/* End PBXNativeTarget section */

/* Begin PBXProject section */
		CB92830E28ACC1A00048439A /* Project object */ = {
			isa = PBXProject;
			attributes = {
				BuildIndependentTargetsInParallel = 1;
				LastSwiftUpdateCheck = 1340;
				LastUpgradeCheck = 1340;
				TargetAttributes = {
					CB92831528ACC1A00048439A = {
						CreatedOnToolsVersion = 13.4.1;
					};
				};
			};
			buildConfigurationList = CB92831128ACC1A00048439A /* Build configuration list for PBXProject "Flight" */;
			compatibilityVersion = "Xcode 13.0";
			developmentRegion = en;
			hasScannedForEncodings = 0;
			knownRegions = (
				en,
				Base,
			);
			mainGroup = CB92830D28ACC1A00048439A;
			packageReferences = (
				CB92833A28ACC49D0048439A /* XCRemoteSwiftPackageReference "Alamofire" */,
				CBA20DCB28ACE60F00374116 /* XCRemoteSwiftPackageReference "Kingfisher" */,
			);
			productRefGroup = CB92831728ACC1A00048439A /* Products */;
			projectDirPath = "";
			projectRoot = "";
			targets = (
				CB92831528ACC1A00048439A /* Flight */,
			);
		};
/* End PBXProject section */

/* Begin PBXResourcesBuildPhase section */
		CB92831428ACC1A00048439A /* Resources */ = {
			isa = PBXResourcesBuildPhase;
			buildActionMask = 2147483647;
			files = (
				CB92832628ACC1A30048439A /* LaunchScreen.storyboard in Resources */,
				CB92832328ACC1A30048439A /* Assets.xcassets in Resources */,
			);
			runOnlyForDeploymentPostprocessing = 0;
		};
/* End PBXResourcesBuildPhase section */

/* Begin PBXSourcesBuildPhase section */
		CB92831228ACC1A00048439A /* Sources */ = {
			isa = PBXSourcesBuildPhase;
			buildActionMask = 2147483647;
			files = (
				CB92833628ACC3060048439A /* StationsController.swift in Sources */,
				CB92834028ACC7940048439A /* Service.swift in Sources */,
				CBA20DCA28ACE30800374116 /* UIImageView+Extension.swift in Sources */,
				CBA6FA6C28AD3A3E00032AE7 /* FindFlightsController.swift in Sources */,
				CB92831A28ACC1A00048439A /* AppDelegate.swift in Sources */,
				CB92834628ACC99E0048439A /* StationsViewModel.swift in Sources */,
				CB92835028ACD98C0048439A /* StationsController+Extensions.swift in Sources */,
				CB92834E28ACD7980048439A /* StationsCollectionCell.swift in Sources */,
				CB92834928ACCF080048439A /* DependencyProvider.swift in Sources */,
				CB92833E28ACC7600048439A /* NetworkError.swift in Sources */,
				CB92834C28ACD74E0048439A /* StationsCollectionFlowLayout.swift in Sources */,
				CB92833228ACC2A50048439A /* UIColor+Extensions.swift in Sources */,
				CB92834428ACC9100048439A /* ServiceProtocol.swift in Sources */,
				CB92834228ACC8340048439A /* Stations.swift in Sources */,
				CB92831C28ACC1A00048439A /* SceneDelegate.swift in Sources */,
			);
			runOnlyForDeploymentPostprocessing = 0;
		};
/* End PBXSourcesBuildPhase section */

/* Begin PBXVariantGroup section */
		CB92832428ACC1A30048439A /* LaunchScreen.storyboard */ = {
			isa = PBXVariantGroup;
			children = (
				CB92832528ACC1A30048439A /* Base */,
			);
			name = LaunchScreen.storyboard;
			sourceTree = "<group>";
		};
/* End PBXVariantGroup section */

/* Begin XCBuildConfiguration section */
		CB92832828ACC1A30048439A /* Debug */ = {
			isa = XCBuildConfiguration;
			buildSettings = {
				ALWAYS_SEARCH_USER_PATHS = NO;
				CLANG_ANALYZER_NONNULL = YES;
				CLANG_ANALYZER_NUMBER_OBJECT_CONVERSION = YES_AGGRESSIVE;
				CLANG_CXX_LANGUAGE_STANDARD = "gnu++17";
				CLANG_ENABLE_MODULES = YES;
				CLANG_ENABLE_OBJC_ARC = YES;
				CLANG_ENABLE_OBJC_WEAK = YES;
				CLANG_WARN_BLOCK_CAPTURE_AUTORELEASING = YES;
				CLANG_WARN_BOOL_CONVERSION = YES;
				CLANG_WARN_COMMA = YES;
				CLANG_WARN_CONSTANT_CONVERSION = YES;
				CLANG_WARN_DEPRECATED_OBJC_IMPLEMENTATIONS = YES;
				CLANG_WARN_DIRECT_OBJC_ISA_USAGE = YES_ERROR;
				CLANG_WARN_DOCUMENTATION_COMMENTS = YES;
				CLANG_WARN_EMPTY_BODY = YES;
				CLANG_WARN_ENUM_CONVERSION = YES;
				CLANG_WARN_INFINITE_RECURSION = YES;
				CLANG_WARN_INT_CONVERSION = YES;
				CLANG_WARN_NON_LITERAL_NULL_CONVERSION = YES;
				CLANG_WARN_OBJC_IMPLICIT_RETAIN_SELF = YES;
				CLANG_WARN_OBJC_LITERAL_CONVERSION = YES;
				CLANG_WARN_OBJC_ROOT_CLASS = YES_ERROR;
				CLANG_WARN_QUOTED_INCLUDE_IN_FRAMEWORK_HEADER = YES;
				CLANG_WARN_RANGE_LOOP_ANALYSIS = YES;
				CLANG_WARN_STRICT_PROTOTYPES = YES;
				CLANG_WARN_SUSPICIOUS_MOVE = YES;
				CLANG_WARN_UNGUARDED_AVAILABILITY = YES_AGGRESSIVE;
				CLANG_WARN_UNREACHABLE_CODE = YES;
				CLANG_WARN__DUPLICATE_METHOD_MATCH = YES;
				COPY_PHASE_STRIP = NO;
				DEBUG_INFORMATION_FORMAT = dwarf;
				ENABLE_STRICT_OBJC_MSGSEND = YES;
				ENABLE_TESTABILITY = YES;
				GCC_C_LANGUAGE_STANDARD = gnu11;
				GCC_DYNAMIC_NO_PIC = NO;
				GCC_NO_COMMON_BLOCKS = YES;
				GCC_OPTIMIZATION_LEVEL = 0;
				GCC_PREPROCESSOR_DEFINITIONS = (
					"DEBUG=1",
					"$(inherited)",
				);
				GCC_WARN_64_TO_32_BIT_CONVERSION = YES;
				GCC_WARN_ABOUT_RETURN_TYPE = YES_ERROR;
				GCC_WARN_UNDECLARED_SELECTOR = YES;
				GCC_WARN_UNINITIALIZED_AUTOS = YES_AGGRESSIVE;
				GCC_WARN_UNUSED_FUNCTION = YES;
				GCC_WARN_UNUSED_VARIABLE = YES;
				IPHONEOS_DEPLOYMENT_TARGET = 15.5;
				MTL_ENABLE_DEBUG_INFO = INCLUDE_SOURCE;
				MTL_FAST_MATH = YES;
				ONLY_ACTIVE_ARCH = YES;
				SDKROOT = iphoneos;
				SWIFT_ACTIVE_COMPILATION_CONDITIONS = DEBUG;
				SWIFT_OPTIMIZATION_LEVEL = "-Onone";
			};
			name = Debug;
		};
		CB92832928ACC1A30048439A /* Release */ = {
			isa = XCBuildConfiguration;
			buildSettings = {
				ALWAYS_SEARCH_USER_PATHS = NO;
				CLANG_ANALYZER_NONNULL = YES;
				CLANG_ANALYZER_NUMBER_OBJECT_CONVERSION = YES_AGGRESSIVE;
				CLANG_CXX_LANGUAGE_STANDARD = "gnu++17";
				CLANG_ENABLE_MODULES = YES;
				CLANG_ENABLE_OBJC_ARC = YES;
				CLANG_ENABLE_OBJC_WEAK = YES;
				CLANG_WARN_BLOCK_CAPTURE_AUTORELEASING = YES;
				CLANG_WARN_BOOL_CONVERSION = YES;
				CLANG_WARN_COMMA = YES;
				CLANG_WARN_CONSTANT_CONVERSION = YES;
				CLANG_WARN_DEPRECATED_OBJC_IMPLEMENTATIONS = YES;
				CLANG_WARN_DIRECT_OBJC_ISA_USAGE = YES_ERROR;
				CLANG_WARN_DOCUMENTATION_COMMENTS = YES;
				CLANG_WARN_EMPTY_BODY = YES;
				CLANG_WARN_ENUM_CONVERSION = YES;
				CLANG_WARN_INFINITE_RECURSION = YES;
				CLANG_WARN_INT_CONVERSION = YES;
				CLANG_WARN_NON_LITERAL_NULL_CONVERSION = YES;
				CLANG_WARN_OBJC_IMPLICIT_RETAIN_SELF = YES;
				CLANG_WARN_OBJC_LITERAL_CONVERSION = YES;
				CLANG_WARN_OBJC_ROOT_CLASS = YES_ERROR;
				CLANG_WARN_QUOTED_INCLUDE_IN_FRAMEWORK_HEADER = YES;
				CLANG_WARN_RANGE_LOOP_ANALYSIS = YES;
				CLANG_WARN_STRICT_PROTOTYPES = YES;
				CLANG_WARN_SUSPICIOUS_MOVE = YES;
				CLANG_WARN_UNGUARDED_AVAILABILITY = YES_AGGRESSIVE;
				CLANG_WARN_UNREACHABLE_CODE = YES;
				CLANG_WARN__DUPLICATE_METHOD_MATCH = YES;
				COPY_PHASE_STRIP = NO;
				DEBUG_INFORMATION_FORMAT = "dwarf-with-dsym";
				ENABLE_NS_ASSERTIONS = NO;
				ENABLE_STRICT_OBJC_MSGSEND = YES;
				GCC_C_LANGUAGE_STANDARD = gnu11;
				GCC_NO_COMMON_BLOCKS = YES;
				GCC_WARN_64_TO_32_BIT_CONVERSION = YES;
				GCC_WARN_ABOUT_RETURN_TYPE = YES_ERROR;
				GCC_WARN_UNDECLARED_SELECTOR = YES;
				GCC_WARN_UNINITIALIZED_AUTOS = YES_AGGRESSIVE;
				GCC_WARN_UNUSED_FUNCTION = YES;
				GCC_WARN_UNUSED_VARIABLE = YES;
				IPHONEOS_DEPLOYMENT_TARGET = 15.5;
				MTL_ENABLE_DEBUG_INFO = NO;
				MTL_FAST_MATH = YES;
				SDKROOT = iphoneos;
				SWIFT_COMPILATION_MODE = wholemodule;
				SWIFT_OPTIMIZATION_LEVEL = "-O";
				VALIDATE_PRODUCT = YES;
			};
			name = Release;
		};
		CB92832B28ACC1A30048439A /* Debug */ = {
			isa = XCBuildConfiguration;
			buildSettings = {
				ASSETCATALOG_COMPILER_APPICON_NAME = AppIcon;
				ASSETCATALOG_COMPILER_GLOBAL_ACCENT_COLOR_NAME = AccentColor;
				CODE_SIGN_STYLE = Automatic;
				CURRENT_PROJECT_VERSION = 1;
				DEVELOPMENT_TEAM = 2QM47272HP;
				GENERATE_INFOPLIST_FILE = YES;
				INFOPLIST_FILE = Flight/Info.plist;
				INFOPLIST_KEY_UIApplicationSupportsIndirectInputEvents = YES;
				INFOPLIST_KEY_UILaunchStoryboardName = LaunchScreen;
				INFOPLIST_KEY_UISupportedInterfaceOrientations = "UIInterfaceOrientationPortrait UIInterfaceOrientationPortraitUpsideDown UIInterfaceOrientationLandscapeLeft UIInterfaceOrientationLandscapeRight";
				INFOPLIST_KEY_UISupportedInterfaceOrientations_iPad = "UIInterfaceOrientationPortrait UIInterfaceOrientationPortraitUpsideDown UIInterfaceOrientationLandscapeLeft UIInterfaceOrientationLandscapeRight";
				INFOPLIST_KEY_UISupportedInterfaceOrientations_iPhone = "UIInterfaceOrientationPortrait UIInterfaceOrientationLandscapeLeft UIInterfaceOrientationLandscapeRight";
				LD_RUNPATH_SEARCH_PATHS = (
					"$(inherited)",
					"@executable_path/Frameworks",
				);
				MARKETING_VERSION = 1.0;
				PRODUCT_BUNDLE_IDENTIFIER = Ryanair.Flight;
				PRODUCT_NAME = "$(TARGET_NAME)";
				SWIFT_EMIT_LOC_STRINGS = YES;
				SWIFT_VERSION = 5.0;
				TARGETED_DEVICE_FAMILY = 1;
			};
			name = Debug;
		};
		CB92832C28ACC1A30048439A /* Release */ = {
			isa = XCBuildConfiguration;
			buildSettings = {
				ASSETCATALOG_COMPILER_APPICON_NAME = AppIcon;
				ASSETCATALOG_COMPILER_GLOBAL_ACCENT_COLOR_NAME = AccentColor;
				CODE_SIGN_STYLE = Automatic;
				CURRENT_PROJECT_VERSION = 1;
				DEVELOPMENT_TEAM = 2QM47272HP;
				GENERATE_INFOPLIST_FILE = YES;
				INFOPLIST_FILE = Flight/Info.plist;
				INFOPLIST_KEY_UIApplicationSupportsIndirectInputEvents = YES;
				INFOPLIST_KEY_UILaunchStoryboardName = LaunchScreen;
				INFOPLIST_KEY_UISupportedInterfaceOrientations = "UIInterfaceOrientationPortrait UIInterfaceOrientationPortraitUpsideDown UIInterfaceOrientationLandscapeLeft UIInterfaceOrientationLandscapeRight";
				INFOPLIST_KEY_UISupportedInterfaceOrientations_iPad = "UIInterfaceOrientationPortrait UIInterfaceOrientationPortraitUpsideDown UIInterfaceOrientationLandscapeLeft UIInterfaceOrientationLandscapeRight";
				INFOPLIST_KEY_UISupportedInterfaceOrientations_iPhone = "UIInterfaceOrientationPortrait UIInterfaceOrientationLandscapeLeft UIInterfaceOrientationLandscapeRight";
				LD_RUNPATH_SEARCH_PATHS = (
					"$(inherited)",
					"@executable_path/Frameworks",
				);
				MARKETING_VERSION = 1.0;
				PRODUCT_BUNDLE_IDENTIFIER = Ryanair.Flight;
				PRODUCT_NAME = "$(TARGET_NAME)";
				SWIFT_EMIT_LOC_STRINGS = YES;
				SWIFT_VERSION = 5.0;
				TARGETED_DEVICE_FAMILY = 1;
			};
			name = Release;
		};
/* End XCBuildConfiguration section */

/* Begin XCConfigurationList section */
		CB92831128ACC1A00048439A /* Build configuration list for PBXProject "Flight" */ = {
			isa = XCConfigurationList;
			buildConfigurations = (
				CB92832828ACC1A30048439A /* Debug */,
				CB92832928ACC1A30048439A /* Release */,
			);
			defaultConfigurationIsVisible = 0;
			defaultConfigurationName = Release;
		};
		CB92832A28ACC1A30048439A /* Build configuration list for PBXNativeTarget "Flight" */ = {
			isa = XCConfigurationList;
			buildConfigurations = (
				CB92832B28ACC1A30048439A /* Debug */,
				CB92832C28ACC1A30048439A /* Release */,
			);
			defaultConfigurationIsVisible = 0;
			defaultConfigurationName = Release;
		};
/* End XCConfigurationList section */

/* Begin XCRemoteSwiftPackageReference section */
		CB92833A28ACC49D0048439A /* XCRemoteSwiftPackageReference "Alamofire" */ = {
			isa = XCRemoteSwiftPackageReference;
			repositoryURL = "https://github.com/Alamofire/Alamofire";
			requirement = {
				kind = upToNextMajorVersion;
				minimumVersion = 5.0.0;
			};
		};
		CBA20DCB28ACE60F00374116 /* XCRemoteSwiftPackageReference "Kingfisher" */ = {
			isa = XCRemoteSwiftPackageReference;
			repositoryURL = "https://github.com/onevcat/Kingfisher";
			requirement = {
				kind = upToNextMajorVersion;
				minimumVersion = 7.0.0;
			};
		};
/* End XCRemoteSwiftPackageReference section */

/* Begin XCSwiftPackageProductDependency section */
		CB92833B28ACC49D0048439A /* Alamofire */ = {
			isa = XCSwiftPackageProductDependency;
			package = CB92833A28ACC49D0048439A /* XCRemoteSwiftPackageReference "Alamofire" */;
			productName = Alamofire;
		};
		CBA20DCC28ACE60F00374116 /* Kingfisher */ = {
			isa = XCSwiftPackageProductDependency;
			package = CBA20DCB28ACE60F00374116 /* XCRemoteSwiftPackageReference "Kingfisher" */;
			productName = Kingfisher;
		};
/* End XCSwiftPackageProductDependency section */
	};
	rootObject = CB92830E28ACC1A00048439A /* Project object */;
}
